// !$*UTF8*$!
{
	archiveVersion = 1;
	classes = {
	};
	objectVersion = 55;
	objects = {

/* Begin PBXBuildFile section */
		5C7FD84A2836764E00E750EE /* TunedTests.swift in Sources */ = {isa = PBXBuildFile; fileRef = 5C7FD8492836764E00E750EE /* TunedTests.swift */; };
		5C88CAA92836AF530030705F /* SoundpipeAudioKit in Frameworks */ = {isa = PBXBuildFile; productRef = 5C88CAA82836AF530030705F /* SoundpipeAudioKit */; };
		5C88CAAC2836BD790030705F /* Note.swift in Sources */ = {isa = PBXBuildFile; fileRef = 5C88CAAB2836BD790030705F /* Note.swift */; };
		5C88CAAD2836BDC80030705F /* Note.swift in Sources */ = {isa = PBXBuildFile; fileRef = 5C88CAAB2836BD790030705F /* Note.swift */; };
		5C88CAAF2836BE420030705F /* ChromaticScale.swift in Sources */ = {isa = PBXBuildFile; fileRef = 5C88CAAE2836BE420030705F /* ChromaticScale.swift */; };
		5C88CAB22836E7200030705F /* TuningStrategy.swift in Sources */ = {isa = PBXBuildFile; fileRef = 5C88CAB12836E7200030705F /* TuningStrategy.swift */; };
		5C88CAB32836E7200030705F /* TuningStrategy.swift in Sources */ = {isa = PBXBuildFile; fileRef = 5C88CAB12836E7200030705F /* TuningStrategy.swift */; };
		5CA63D3E28367380001A3645 /* AppDelegate.swift in Sources */ = {isa = PBXBuildFile; fileRef = 5CA63D3D28367380001A3645 /* AppDelegate.swift */; };
		5CA63D4028367380001A3645 /* SceneDelegate.swift in Sources */ = {isa = PBXBuildFile; fileRef = 5CA63D3F28367380001A3645 /* SceneDelegate.swift */; };
		5CA63D4528367380001A3645 /* Main.storyboard in Resources */ = {isa = PBXBuildFile; fileRef = 5CA63D4328367380001A3645 /* Main.storyboard */; };
		5CA63D4728367381001A3645 /* Assets.xcassets in Resources */ = {isa = PBXBuildFile; fileRef = 5CA63D4628367381001A3645 /* Assets.xcassets */; };
		5CA63D4A28367381001A3645 /* LaunchScreen.storyboard in Resources */ = {isa = PBXBuildFile; fileRef = 5CA63D4828367381001A3645 /* LaunchScreen.storyboard */; };
		5CBAE365283BD7D200C398B3 /* SelectTuningViewController.swift in Sources */ = {isa = PBXBuildFile; fileRef = 5CBAE364283BD7D200C398B3 /* SelectTuningViewController.swift */; };
		5CBAE366283BD7D200C398B3 /* SelectTuningViewController.swift in Sources */ = {isa = PBXBuildFile; fileRef = 5CBAE364283BD7D200C398B3 /* SelectTuningViewController.swift */; };
		5CEABC9728368FCD001F9093 /* Tuner.swift in Sources */ = {isa = PBXBuildFile; fileRef = 5CEABC9628368FCD001F9093 /* Tuner.swift */; };
		5CEABC9828368FCD001F9093 /* Tuner.swift in Sources */ = {isa = PBXBuildFile; fileRef = 5CEABC9628368FCD001F9093 /* Tuner.swift */; };
		5CEABC9A283692DC001F9093 /* TunerViewController.swift in Sources */ = {isa = PBXBuildFile; fileRef = 5CEABC99283692DC001F9093 /* TunerViewController.swift */; };
		5CEABC9B283692DC001F9093 /* TunerViewController.swift in Sources */ = {isa = PBXBuildFile; fileRef = 5CEABC99283692DC001F9093 /* TunerViewController.swift */; };
		5CEABC9E2836A75A001F9093 /* AudioKit in Frameworks */ = {isa = PBXBuildFile; productRef = 5CEABC9D2836A75A001F9093 /* AudioKit */; };
		5CFD3F342837A63300011251 /* ChromaticScale.swift in Sources */ = {isa = PBXBuildFile; fileRef = 5C88CAAE2836BE420030705F /* ChromaticScale.swift */; };
/* End PBXBuildFile section */

/* Begin PBXContainerItemProxy section */
		5C7FD84B2836764E00E750EE /* PBXContainerItemProxy */ = {
			isa = PBXContainerItemProxy;
			containerPortal = 5CA63D322836737F001A3645 /* Project object */;
			proxyType = 1;
			remoteGlobalIDString = 5CA63D392836737F001A3645;
			remoteInfo = Tuned;
		};
/* End PBXContainerItemProxy section */

/* Begin PBXFileReference section */
		5C7FD8472836764E00E750EE /* TunedTests.xctest */ = {isa = PBXFileReference; explicitFileType = wrapper.cfbundle; includeInIndex = 0; path = TunedTests.xctest; sourceTree = BUILT_PRODUCTS_DIR; };
		5C7FD8492836764E00E750EE /* TunedTests.swift */ = {isa = PBXFileReference; lastKnownFileType = sourcecode.swift; path = TunedTests.swift; sourceTree = "<group>"; };
		5C88CAAB2836BD790030705F /* Note.swift */ = {isa = PBXFileReference; lastKnownFileType = sourcecode.swift; path = Note.swift; sourceTree = "<group>"; };
		5C88CAAE2836BE420030705F /* ChromaticScale.swift */ = {isa = PBXFileReference; lastKnownFileType = sourcecode.swift; path = ChromaticScale.swift; sourceTree = "<group>"; };
		5C88CAB12836E7200030705F /* TuningStrategy.swift */ = {isa = PBXFileReference; lastKnownFileType = sourcecode.swift; path = TuningStrategy.swift; sourceTree = "<group>"; };
		5CA63D3A2836737F001A3645 /* Tuned.app */ = {isa = PBXFileReference; explicitFileType = wrapper.application; includeInIndex = 0; path = Tuned.app; sourceTree = BUILT_PRODUCTS_DIR; };
		5CA63D3D28367380001A3645 /* AppDelegate.swift */ = {isa = PBXFileReference; lastKnownFileType = sourcecode.swift; path = AppDelegate.swift; sourceTree = "<group>"; };
		5CA63D3F28367380001A3645 /* SceneDelegate.swift */ = {isa = PBXFileReference; lastKnownFileType = sourcecode.swift; path = SceneDelegate.swift; sourceTree = "<group>"; };
		5CA63D4428367380001A3645 /* Base */ = {isa = PBXFileReference; lastKnownFileType = file.storyboard; name = Base; path = Base.lproj/Main.storyboard; sourceTree = "<group>"; };
		5CA63D4628367381001A3645 /* Assets.xcassets */ = {isa = PBXFileReference; lastKnownFileType = folder.assetcatalog; path = Assets.xcassets; sourceTree = "<group>"; };
		5CA63D4928367381001A3645 /* Base */ = {isa = PBXFileReference; lastKnownFileType = file.storyboard; name = Base; path = Base.lproj/LaunchScreen.storyboard; sourceTree = "<group>"; };
		5CA63D4B28367381001A3645 /* Info.plist */ = {isa = PBXFileReference; lastKnownFileType = text.plist.xml; path = Info.plist; sourceTree = "<group>"; };
		5CBAE364283BD7D200C398B3 /* SelectTuningViewController.swift */ = {isa = PBXFileReference; lastKnownFileType = sourcecode.swift; path = SelectTuningViewController.swift; sourceTree = "<group>"; };
		5CEABC9628368FCD001F9093 /* Tuner.swift */ = {isa = PBXFileReference; lastKnownFileType = sourcecode.swift; path = Tuner.swift; sourceTree = "<group>"; };
		5CEABC99283692DC001F9093 /* TunerViewController.swift */ = {isa = PBXFileReference; lastKnownFileType = sourcecode.swift; path = TunerViewController.swift; sourceTree = "<group>"; };
/* End PBXFileReference section */

/* Begin PBXFrameworksBuildPhase section */
		5C7FD8442836764E00E750EE /* Frameworks */ = {
			isa = PBXFrameworksBuildPhase;
			buildActionMask = 2147483647;
			files = (
			);
			runOnlyForDeploymentPostprocessing = 0;
		};
		5CA63D372836737F001A3645 /* Frameworks */ = {
			isa = PBXFrameworksBuildPhase;
			buildActionMask = 2147483647;
			files = (
				5C88CAA92836AF530030705F /* SoundpipeAudioKit in Frameworks */,
				5CEABC9E2836A75A001F9093 /* AudioKit in Frameworks */,
			);
			runOnlyForDeploymentPostprocessing = 0;
		};
/* End PBXFrameworksBuildPhase section */

/* Begin PBXGroup section */
		5C7FD83E2836747C00E750EE /* Resources */ = {
			isa = PBXGroup;
			children = (
				5CA63D4628367381001A3645 /* Assets.xcassets */,
			);
			path = Resources;
			sourceTree = "<group>";
		};
		5C7FD83F2836748200E750EE /* Models */ = {
			isa = PBXGroup;
			children = (
				5C88CAAB2836BD790030705F /* Note.swift */,
				5CEABC9628368FCD001F9093 /* Tuner.swift */,
				5C88CAAE2836BE420030705F /* ChromaticScale.swift */,
			);
			path = Models;
			sourceTree = "<group>";
		};
		5C7FD8402836748800E750EE /* Views */ = {
			isa = PBXGroup;
			children = (
			);
			path = Views;
			sourceTree = "<group>";
		};
		5C7FD8412836748B00E750EE /* Controllers */ = {
			isa = PBXGroup;
			children = (
				5CA63D3D28367380001A3645 /* AppDelegate.swift */,
				5CA63D3F28367380001A3645 /* SceneDelegate.swift */,
				5CEABC99283692DC001F9093 /* TunerViewController.swift */,
				5CBAE364283BD7D200C398B3 /* SelectTuningViewController.swift */,
			);
			path = Controllers;
			sourceTree = "<group>";
		};
		5C7FD8422836748F00E750EE /* Storyboards */ = {
			isa = PBXGroup;
			children = (
				5CA63D4328367380001A3645 /* Main.storyboard */,
				5CA63D4828367381001A3645 /* LaunchScreen.storyboard */,
			);
			path = Storyboards;
			sourceTree = "<group>";
		};
		5C7FD8482836764E00E750EE /* TunedTests */ = {
			isa = PBXGroup;
			children = (
				5C7FD8492836764E00E750EE /* TunedTests.swift */,
			);
			path = TunedTests;
			sourceTree = "<group>";
		};
		5C88CAB02836E6F60030705F /* Strategies */ = {
			isa = PBXGroup;
			children = (
				5C88CAB12836E7200030705F /* TuningStrategy.swift */,
			);
			path = Strategies;
			sourceTree = "<group>";
		};
		5CA63D312836737F001A3645 = {
			isa = PBXGroup;
			children = (
				5CA63D3C2836737F001A3645 /* Tuned */,
				5C7FD8482836764E00E750EE /* TunedTests */,
				5CA63D3B2836737F001A3645 /* Products */,
			);
			sourceTree = "<group>";
		};
		5CA63D3B2836737F001A3645 /* Products */ = {
			isa = PBXGroup;
			children = (
				5CA63D3A2836737F001A3645 /* Tuned.app */,
				5C7FD8472836764E00E750EE /* TunedTests.xctest */,
			);
			name = Products;
			sourceTree = "<group>";
		};
		5CA63D3C2836737F001A3645 /* Tuned */ = {
			isa = PBXGroup;
			children = (
				5C88CAB02836E6F60030705F /* Strategies */,
				5C7FD8422836748F00E750EE /* Storyboards */,
				5C7FD8412836748B00E750EE /* Controllers */,
				5C7FD8402836748800E750EE /* Views */,
				5C7FD83F2836748200E750EE /* Models */,
				5C7FD83E2836747C00E750EE /* Resources */,
				5CA63D4B28367381001A3645 /* Info.plist */,
			);
			path = Tuned;
			sourceTree = "<group>";
		};
/* End PBXGroup section */

/* Begin PBXNativeTarget section */
		5C7FD8462836764E00E750EE /* TunedTests */ = {
			isa = PBXNativeTarget;
			buildConfigurationList = 5C7FD84F2836764E00E750EE /* Build configuration list for PBXNativeTarget "TunedTests" */;
			buildPhases = (
				5C7FD8432836764E00E750EE /* Sources */,
				5C7FD8442836764E00E750EE /* Frameworks */,
				5C7FD8452836764E00E750EE /* Resources */,
			);
			buildRules = (
			);
			dependencies = (
				5C7FD84C2836764E00E750EE /* PBXTargetDependency */,
			);
			name = TunedTests;
			productName = TunedTests;
			productReference = 5C7FD8472836764E00E750EE /* TunedTests.xctest */;
			productType = "com.apple.product-type.bundle.unit-test";
		};
		5CA63D392836737F001A3645 /* Tuned */ = {
			isa = PBXNativeTarget;
			buildConfigurationList = 5CA63D4E28367381001A3645 /* Build configuration list for PBXNativeTarget "Tuned" */;
			buildPhases = (
				5CA63D362836737F001A3645 /* Sources */,
				5CA63D372836737F001A3645 /* Frameworks */,
				5CA63D382836737F001A3645 /* Resources */,
			);
			buildRules = (
			);
			dependencies = (
			);
			name = Tuned;
			packageProductDependencies = (
				5CEABC9D2836A75A001F9093 /* AudioKit */,
				5C88CAA82836AF530030705F /* SoundpipeAudioKit */,
			);
			productName = Tuned;
			productReference = 5CA63D3A2836737F001A3645 /* Tuned.app */;
			productType = "com.apple.product-type.application";
		};
/* End PBXNativeTarget section */

/* Begin PBXProject section */
		5CA63D322836737F001A3645 /* Project object */ = {
			isa = PBXProject;
			attributes = {
				BuildIndependentTargetsInParallel = 1;
				LastSwiftUpdateCheck = 1340;
				LastUpgradeCheck = 1340;
				TargetAttributes = {
					5C7FD8462836764E00E750EE = {
						CreatedOnToolsVersion = 13.4;
						TestTargetID = 5CA63D392836737F001A3645;
					};
					5CA63D392836737F001A3645 = {
						CreatedOnToolsVersion = 13.4;
					};
				};
			};
			buildConfigurationList = 5CA63D352836737F001A3645 /* Build configuration list for PBXProject "Tuned" */;
			compatibilityVersion = "Xcode 13.0";
			developmentRegion = en;
			hasScannedForEncodings = 0;
			knownRegions = (
				en,
				Base,
			);
			mainGroup = 5CA63D312836737F001A3645;
			packageReferences = (
				5CEABC9C2836A75A001F9093 /* XCRemoteSwiftPackageReference "AudioKit" */,
				5C88CAA72836AF530030705F /* XCRemoteSwiftPackageReference "SoundpipeAudioKit" */,
			);
			productRefGroup = 5CA63D3B2836737F001A3645 /* Products */;
			projectDirPath = "";
			projectRoot = "";
			targets = (
				5CA63D392836737F001A3645 /* Tuned */,
				5C7FD8462836764E00E750EE /* TunedTests */,
			);
		};
/* End PBXProject section */

/* Begin PBXResourcesBuildPhase section */
		5C7FD8452836764E00E750EE /* Resources */ = {
			isa = PBXResourcesBuildPhase;
			buildActionMask = 2147483647;
			files = (
			);
			runOnlyForDeploymentPostprocessing = 0;
		};
		5CA63D382836737F001A3645 /* Resources */ = {
			isa = PBXResourcesBuildPhase;
			buildActionMask = 2147483647;
			files = (
				5CA63D4A28367381001A3645 /* LaunchScreen.storyboard in Resources */,
				5CA63D4728367381001A3645 /* Assets.xcassets in Resources */,
				5CA63D4528367380001A3645 /* Main.storyboard in Resources */,
			);
			runOnlyForDeploymentPostprocessing = 0;
		};
/* End PBXResourcesBuildPhase section */

/* Begin PBXSourcesBuildPhase section */
		5C7FD8432836764E00E750EE /* Sources */ = {
			isa = PBXSourcesBuildPhase;
			buildActionMask = 2147483647;
			files = (
				5C88CAB32836E7200030705F /* TuningStrategy.swift in Sources */,
				5CEABC9828368FCD001F9093 /* Tuner.swift in Sources */,
				5CBAE366283BD7D200C398B3 /* SelectTuningViewController.swift in Sources */,
				5CEABC9B283692DC001F9093 /* TunerViewController.swift in Sources */,
				5CFD3F342837A63300011251 /* ChromaticScale.swift in Sources */,
				5C7FD84A2836764E00E750EE /* TunedTests.swift in Sources */,
				5C88CAAD2836BDC80030705F /* Note.swift in Sources */,
			);
			runOnlyForDeploymentPostprocessing = 0;
		};
		5CA63D362836737F001A3645 /* Sources */ = {
			isa = PBXSourcesBuildPhase;
			buildActionMask = 2147483647;
			files = (
				5C88CAB22836E7200030705F /* TuningStrategy.swift in Sources */,
				5C88CAAC2836BD790030705F /* Note.swift in Sources */,
				5CEABC9728368FCD001F9093 /* Tuner.swift in Sources */,
				5CEABC9A283692DC001F9093 /* TunerViewController.swift in Sources */,
				5C88CAAF2836BE420030705F /* ChromaticScale.swift in Sources */,
				5CA63D3E28367380001A3645 /* AppDelegate.swift in Sources */,
				5CBAE365283BD7D200C398B3 /* SelectTuningViewController.swift in Sources */,
				5CA63D4028367380001A3645 /* SceneDelegate.swift in Sources */,
			);
			runOnlyForDeploymentPostprocessing = 0;
		};
/* End PBXSourcesBuildPhase section */

/* Begin PBXTargetDependency section */
		5C7FD84C2836764E00E750EE /* PBXTargetDependency */ = {
			isa = PBXTargetDependency;
			target = 5CA63D392836737F001A3645 /* Tuned */;
			targetProxy = 5C7FD84B2836764E00E750EE /* PBXContainerItemProxy */;
		};
/* End PBXTargetDependency section */

/* Begin PBXVariantGroup section */
		5CA63D4328367380001A3645 /* Main.storyboard */ = {
			isa = PBXVariantGroup;
			children = (
				5CA63D4428367380001A3645 /* Base */,
			);
			name = Main.storyboard;
			sourceTree = "<group>";
		};
		5CA63D4828367381001A3645 /* LaunchScreen.storyboard */ = {
			isa = PBXVariantGroup;
			children = (
				5CA63D4928367381001A3645 /* Base */,
			);
			name = LaunchScreen.storyboard;
			sourceTree = "<group>";
		};
/* End PBXVariantGroup section */

/* Begin XCBuildConfiguration section */
		5C7FD84D2836764E00E750EE /* Debug */ = {
			isa = XCBuildConfiguration;
			buildSettings = {
				BUNDLE_LOADER = "$(TEST_HOST)";
				CODE_SIGN_STYLE = Automatic;
				CURRENT_PROJECT_VERSION = 1;
				DEVELOPMENT_TEAM = 7927LZ58S8;
				GENERATE_INFOPLIST_FILE = YES;
				IPHONEOS_DEPLOYMENT_TARGET = 15.0;
				MARKETING_VERSION = 1.0;
				PRODUCT_BUNDLE_IDENTIFIER = com.nolinmcfarland.TunedTests;
				PRODUCT_NAME = "$(TARGET_NAME)";
				SWIFT_EMIT_LOC_STRINGS = NO;
				SWIFT_VERSION = 5.0;
				TARGETED_DEVICE_FAMILY = "1,2";
				TEST_HOST = "$(BUILT_PRODUCTS_DIR)/Tuned.app/Tuned";
			};
			name = Debug;
		};
		5C7FD84E2836764E00E750EE /* Release */ = {
			isa = XCBuildConfiguration;
			buildSettings = {
				BUNDLE_LOADER = "$(TEST_HOST)";
				CODE_SIGN_STYLE = Automatic;
				CURRENT_PROJECT_VERSION = 1;
				DEVELOPMENT_TEAM = 7927LZ58S8;
				GENERATE_INFOPLIST_FILE = YES;
				IPHONEOS_DEPLOYMENT_TARGET = 15.0;
				MARKETING_VERSION = 1.0;
				PRODUCT_BUNDLE_IDENTIFIER = com.nolinmcfarland.TunedTests;
				PRODUCT_NAME = "$(TARGET_NAME)";
				SWIFT_EMIT_LOC_STRINGS = NO;
				SWIFT_VERSION = 5.0;
				TARGETED_DEVICE_FAMILY = "1,2";
				TEST_HOST = "$(BUILT_PRODUCTS_DIR)/Tuned.app/Tuned";
			};
			name = Release;
		};
		5CA63D4C28367381001A3645 /* Debug */ = {
			isa = XCBuildConfiguration;
			buildSettings = {
				ALWAYS_SEARCH_USER_PATHS = NO;
				CLANG_ANALYZER_NONNULL = YES;
				CLANG_ANALYZER_NUMBER_OBJECT_CONVERSION = YES_AGGRESSIVE;
				CLANG_CXX_LANGUAGE_STANDARD = "gnu++17";
				CLANG_ENABLE_MODULES = YES;
				CLANG_ENABLE_OBJC_ARC = YES;
				CLANG_ENABLE_OBJC_WEAK = YES;
				CLANG_WARN_BLOCK_CAPTURE_AUTORELEASING = YES;
				CLANG_WARN_BOOL_CONVERSION = YES;
				CLANG_WARN_COMMA = YES;
				CLANG_WARN_CONSTANT_CONVERSION = YES;
				CLANG_WARN_DEPRECATED_OBJC_IMPLEMENTATIONS = YES;
				CLANG_WARN_DIRECT_OBJC_ISA_USAGE = YES_ERROR;
				CLANG_WARN_DOCUMENTATION_COMMENTS = YES;
				CLANG_WARN_EMPTY_BODY = YES;
				CLANG_WARN_ENUM_CONVERSION = YES;
				CLANG_WARN_INFINITE_RECURSION = YES;
				CLANG_WARN_INT_CONVERSION = YES;
				CLANG_WARN_NON_LITERAL_NULL_CONVERSION = YES;
				CLANG_WARN_OBJC_IMPLICIT_RETAIN_SELF = YES;
				CLANG_WARN_OBJC_LITERAL_CONVERSION = YES;
				CLANG_WARN_OBJC_ROOT_CLASS = YES_ERROR;
				CLANG_WARN_QUOTED_INCLUDE_IN_FRAMEWORK_HEADER = YES;
				CLANG_WARN_RANGE_LOOP_ANALYSIS = YES;
				CLANG_WARN_STRICT_PROTOTYPES = YES;
				CLANG_WARN_SUSPICIOUS_MOVE = YES;
				CLANG_WARN_UNGUARDED_AVAILABILITY = YES_AGGRESSIVE;
				CLANG_WARN_UNREACHABLE_CODE = YES;
				CLANG_WARN__DUPLICATE_METHOD_MATCH = YES;
				COPY_PHASE_STRIP = NO;
				DEBUG_INFORMATION_FORMAT = dwarf;
				ENABLE_STRICT_OBJC_MSGSEND = YES;
				ENABLE_TESTABILITY = YES;
				GCC_C_LANGUAGE_STANDARD = gnu11;
				GCC_DYNAMIC_NO_PIC = NO;
				GCC_NO_COMMON_BLOCKS = YES;
				GCC_OPTIMIZATION_LEVEL = 0;
				GCC_PREPROCESSOR_DEFINITIONS = (
					"DEBUG=1",
					"$(inherited)",
				);
				GCC_WARN_64_TO_32_BIT_CONVERSION = YES;
				GCC_WARN_ABOUT_RETURN_TYPE = YES_ERROR;
				GCC_WARN_UNDECLARED_SELECTOR = YES;
				GCC_WARN_UNINITIALIZED_AUTOS = YES_AGGRESSIVE;
				GCC_WARN_UNUSED_FUNCTION = YES;
				GCC_WARN_UNUSED_VARIABLE = YES;
				IPHONEOS_DEPLOYMENT_TARGET = 15.0;
				MTL_ENABLE_DEBUG_INFO = INCLUDE_SOURCE;
				MTL_FAST_MATH = YES;
				ONLY_ACTIVE_ARCH = YES;
				SDKROOT = iphoneos;
				SWIFT_ACTIVE_COMPILATION_CONDITIONS = DEBUG;
				SWIFT_OPTIMIZATION_LEVEL = "-Onone";
			};
			name = Debug;
		};
		5CA63D4D28367381001A3645 /* Release */ = {
			isa = XCBuildConfiguration;
			buildSettings = {
				ALWAYS_SEARCH_USER_PATHS = NO;
				CLANG_ANALYZER_NONNULL = YES;
				CLANG_ANALYZER_NUMBER_OBJECT_CONVERSION = YES_AGGRESSIVE;
				CLANG_CXX_LANGUAGE_STANDARD = "gnu++17";
				CLANG_ENABLE_MODULES = YES;
				CLANG_ENABLE_OBJC_ARC = YES;
				CLANG_ENABLE_OBJC_WEAK = YES;
				CLANG_WARN_BLOCK_CAPTURE_AUTORELEASING = YES;
				CLANG_WARN_BOOL_CONVERSION = YES;
				CLANG_WARN_COMMA = YES;
				CLANG_WARN_CONSTANT_CONVERSION = YES;
				CLANG_WARN_DEPRECATED_OBJC_IMPLEMENTATIONS = YES;
				CLANG_WARN_DIRECT_OBJC_ISA_USAGE = YES_ERROR;
				CLANG_WARN_DOCUMENTATION_COMMENTS = YES;
				CLANG_WARN_EMPTY_BODY = YES;
				CLANG_WARN_ENUM_CONVERSION = YES;
				CLANG_WARN_INFINITE_RECURSION = YES;
				CLANG_WARN_INT_CONVERSION = YES;
				CLANG_WARN_NON_LITERAL_NULL_CONVERSION = YES;
				CLANG_WARN_OBJC_IMPLICIT_RETAIN_SELF = YES;
				CLANG_WARN_OBJC_LITERAL_CONVERSION = YES;
				CLANG_WARN_OBJC_ROOT_CLASS = YES_ERROR;
				CLANG_WARN_QUOTED_INCLUDE_IN_FRAMEWORK_HEADER = YES;
				CLANG_WARN_RANGE_LOOP_ANALYSIS = YES;
				CLANG_WARN_STRICT_PROTOTYPES = YES;
				CLANG_WARN_SUSPICIOUS_MOVE = YES;
				CLANG_WARN_UNGUARDED_AVAILABILITY = YES_AGGRESSIVE;
				CLANG_WARN_UNREACHABLE_CODE = YES;
				CLANG_WARN__DUPLICATE_METHOD_MATCH = YES;
				COPY_PHASE_STRIP = NO;
				DEBUG_INFORMATION_FORMAT = "dwarf-with-dsym";
				ENABLE_NS_ASSERTIONS = NO;
				ENABLE_STRICT_OBJC_MSGSEND = YES;
				GCC_C_LANGUAGE_STANDARD = gnu11;
				GCC_NO_COMMON_BLOCKS = YES;
				GCC_WARN_64_TO_32_BIT_CONVERSION = YES;
				GCC_WARN_ABOUT_RETURN_TYPE = YES_ERROR;
				GCC_WARN_UNDECLARED_SELECTOR = YES;
				GCC_WARN_UNINITIALIZED_AUTOS = YES_AGGRESSIVE;
				GCC_WARN_UNUSED_FUNCTION = YES;
				GCC_WARN_UNUSED_VARIABLE = YES;
				IPHONEOS_DEPLOYMENT_TARGET = 15.0;
				MTL_ENABLE_DEBUG_INFO = NO;
				MTL_FAST_MATH = YES;
				SDKROOT = iphoneos;
				SWIFT_COMPILATION_MODE = wholemodule;
				SWIFT_OPTIMIZATION_LEVEL = "-O";
				VALIDATE_PRODUCT = YES;
			};
			name = Release;
		};
		5CA63D4F28367381001A3645 /* Debug */ = {
			isa = XCBuildConfiguration;
			buildSettings = {
				ASSETCATALOG_COMPILER_APPICON_NAME = AppIcon;
				ASSETCATALOG_COMPILER_GLOBAL_ACCENT_COLOR_NAME = AccentColor;
				CODE_SIGN_STYLE = Automatic;
				CURRENT_PROJECT_VERSION = 1;
				DEVELOPMENT_TEAM = 7927LZ58S8;
				GENERATE_INFOPLIST_FILE = YES;
				INFOPLIST_FILE = Tuned/Info.plist;
				INFOPLIST_KEY_UIApplicationSupportsIndirectInputEvents = YES;
				INFOPLIST_KEY_UILaunchStoryboardName = LaunchScreen;
				INFOPLIST_KEY_UIMainStoryboardFile = Main;
				INFOPLIST_KEY_UISupportedInterfaceOrientations_iPad = "UIInterfaceOrientationPortrait UIInterfaceOrientationPortraitUpsideDown UIInterfaceOrientationLandscapeLeft UIInterfaceOrientationLandscapeRight";
				INFOPLIST_KEY_UISupportedInterfaceOrientations_iPhone = "UIInterfaceOrientationPortrait UIInterfaceOrientationLandscapeLeft UIInterfaceOrientationLandscapeRight";
				LD_RUNPATH_SEARCH_PATHS = (
					"$(inherited)",
					"@executable_path/Frameworks",
				);
				MARKETING_VERSION = 1.0;
				PRODUCT_BUNDLE_IDENTIFIER = com.nolinmcfarland.Tuned;
				PRODUCT_NAME = "$(TARGET_NAME)";
				SWIFT_EMIT_LOC_STRINGS = YES;
				SWIFT_VERSION = 5.0;
				TARGETED_DEVICE_FAMILY = "1,2";
			};
			name = Debug;
		};
		5CA63D5028367381001A3645 /* Release */ = {
			isa = XCBuildConfiguration;
			buildSettings = {
				ASSETCATALOG_COMPILER_APPICON_NAME = AppIcon;
				ASSETCATALOG_COMPILER_GLOBAL_ACCENT_COLOR_NAME = AccentColor;
				CODE_SIGN_STYLE = Automatic;
				CURRENT_PROJECT_VERSION = 1;
				DEVELOPMENT_TEAM = 7927LZ58S8;
				GENERATE_INFOPLIST_FILE = YES;
				INFOPLIST_FILE = Tuned/Info.plist;
				INFOPLIST_KEY_UIApplicationSupportsIndirectInputEvents = YES;
				INFOPLIST_KEY_UILaunchStoryboardName = LaunchScreen;
				INFOPLIST_KEY_UIMainStoryboardFile = Main;
				INFOPLIST_KEY_UISupportedInterfaceOrientations_iPad = "UIInterfaceOrientationPortrait UIInterfaceOrientationPortraitUpsideDown UIInterfaceOrientationLandscapeLeft UIInterfaceOrientationLandscapeRight";
				INFOPLIST_KEY_UISupportedInterfaceOrientations_iPhone = "UIInterfaceOrientationPortrait UIInterfaceOrientationLandscapeLeft UIInterfaceOrientationLandscapeRight";
				LD_RUNPATH_SEARCH_PATHS = (
					"$(inherited)",
					"@executable_path/Frameworks",
				);
				MARKETING_VERSION = 1.0;
				PRODUCT_BUNDLE_IDENTIFIER = com.nolinmcfarland.Tuned;
				PRODUCT_NAME = "$(TARGET_NAME)";
				SWIFT_EMIT_LOC_STRINGS = YES;
				SWIFT_VERSION = 5.0;
				TARGETED_DEVICE_FAMILY = "1,2";
			};
			name = Release;
		};
/* End XCBuildConfiguration section */

/* Begin XCConfigurationList section */
		5C7FD84F2836764E00E750EE /* Build configuration list for PBXNativeTarget "TunedTests" */ = {
			isa = XCConfigurationList;
			buildConfigurations = (
				5C7FD84D2836764E00E750EE /* Debug */,
				5C7FD84E2836764E00E750EE /* Release */,
			);
			defaultConfigurationIsVisible = 0;
			defaultConfigurationName = Release;
		};
		5CA63D352836737F001A3645 /* Build configuration list for PBXProject "Tuned" */ = {
			isa = XCConfigurationList;
			buildConfigurations = (
				5CA63D4C28367381001A3645 /* Debug */,
				5CA63D4D28367381001A3645 /* Release */,
			);
			defaultConfigurationIsVisible = 0;
			defaultConfigurationName = Release;
		};
		5CA63D4E28367381001A3645 /* Build configuration list for PBXNativeTarget "Tuned" */ = {
			isa = XCConfigurationList;
			buildConfigurations = (
				5CA63D4F28367381001A3645 /* Debug */,
				5CA63D5028367381001A3645 /* Release */,
			);
			defaultConfigurationIsVisible = 0;
			defaultConfigurationName = Release;
		};
/* End XCConfigurationList section */

/* Begin XCRemoteSwiftPackageReference section */
		5C88CAA72836AF530030705F /* XCRemoteSwiftPackageReference "SoundpipeAudioKit" */ = {
			isa = XCRemoteSwiftPackageReference;
			repositoryURL = "https://github.com/AudioKit/SoundpipeAudioKit";
			requirement = {
				kind = upToNextMajorVersion;
				minimumVersion = 5.0.0;
			};
		};
		5CEABC9C2836A75A001F9093 /* XCRemoteSwiftPackageReference "AudioKit" */ = {
			isa = XCRemoteSwiftPackageReference;
			repositoryURL = "https://github.com/AudioKit/AudioKit/";
			requirement = {
				kind = upToNextMajorVersion;
				minimumVersion = 5.0.0;
			};
		};
/* End XCRemoteSwiftPackageReference section */

/* Begin XCSwiftPackageProductDependency section */
		5C88CAA82836AF530030705F /* SoundpipeAudioKit */ = {
			isa = XCSwiftPackageProductDependency;
			package = 5C88CAA72836AF530030705F /* XCRemoteSwiftPackageReference "SoundpipeAudioKit" */;
			productName = SoundpipeAudioKit;
		};
		5CEABC9D2836A75A001F9093 /* AudioKit */ = {
			isa = XCSwiftPackageProductDependency;
			package = 5CEABC9C2836A75A001F9093 /* XCRemoteSwiftPackageReference "AudioKit" */;
			productName = AudioKit;
		};
/* End XCSwiftPackageProductDependency section */
	};
	rootObject = 5CA63D322836737F001A3645 /* Project object */;
}
